
Microsoft Visual Studio Solution File, Format Version 12.00
# Visual Studio Version 17
VisualStudioVersion = 17.5.2.0
MinimumVisualStudioVersion = 10.0.40219.1
Project("{2150E333-8FDC-42A3-9474-1A3956D46DE8}") = "api", "api", "{D82C56D6-B2CD-F611-9E31-04638F7EC30E}"
EndProject
Project("{FAE04EC0-301F-11D3-BF4B-00C04F79EFBC}") = "OrangeTv.Api", "api\OrangeTv.Api.csproj", "{05B11BFB-E8BC-D4C1-A185-FFFEE1F51E8B}"
EndProject
Project("{FAE04EC0-301F-11D3-BF4B-00C04F79EFBC}") = "OrangeTv.Api.Tests", "api\OrangeTv.Api.Tests\OrangeTv.Api.Tests.csproj", "{0A83F151-CE47-43FE-BA7B-6FF30681BCAE}"
EndProject
Global
	GlobalSection(SolutionConfigurationPlatforms) = preSolution
		Debug|Any CPU = Debug|Any CPU
		Debug|x64 = Debug|x64
		Debug|x86 = Debug|x86
		Release|Any CPU = Release|Any CPU
		Release|x64 = Release|x64
		Release|x86 = Release|x86
	EndGlobalSection
	GlobalSection(ProjectConfigurationPlatforms) = postSolution
		{05B11BFB-E8BC-D4C1-A185-FFFEE1F51E8B}.Debug|Any CPU.ActiveCfg = Debug|Any CPU
		{05B11BFB-E8BC-D4C1-A185-FFFEE1F51E8B}.Debug|Any CPU.Build.0 = Debug|Any CPU
		{05B11BFB-E8BC-D4C1-A185-FFFEE1F51E8B}.Debug|x64.ActiveCfg = Debug|Any CPU
		{05B11BFB-E8BC-D4C1-A185-FFFEE1F51E8B}.Debug|x64.Build.0 = Debug|Any CPU
		{05B11BFB-E8BC-D4C1-A185-FFFEE1F51E8B}.Debug|x86.ActiveCfg = Debug|Any CPU
		{05B11BFB-E8BC-D4C1-A185-FFFEE1F51E8B}.Debug|x86.Build.0 = Debug|Any CPU
		{05B11BFB-E8BC-D4C1-A185-FFFEE1F51E8B}.Release|Any CPU.ActiveCfg = Release|Any CPU
		{05B11BFB-E8BC-D4C1-A185-FFFEE1F51E8B}.Release|Any CPU.Build.0 = Release|Any CPU
		{05B11BFB-E8BC-D4C1-A185-FFFEE1F51E8B}.Release|x64.ActiveCfg = Release|Any CPU
		{05B11BFB-E8BC-D4C1-A185-FFFEE1F51E8B}.Release|x64.Build.0 = Release|Any CPU
		{05B11BFB-E8BC-D4C1-A185-FFFEE1F51E8B}.Release|x86.ActiveCfg = Release|Any CPU
		{05B11BFB-E8BC-D4C1-A185-FFFEE1F51E8B}.Release|x86.Build.0 = Release|Any CPU
		{0A83F151-CE47-43FE-BA7B-6FF30681BCAE}.Debug|Any CPU.ActiveCfg = Debug|Any CPU
		{0A83F151-CE47-43FE-BA7B-6FF30681BCAE}.Debug|Any CPU.Build.0 = Debug|Any CPU
		{0A83F151-CE47-43FE-BA7B-6FF30681BCAE}.Debug|x64.ActiveCfg = Debug|Any CPU
		{0A83F151-CE47-43FE-BA7B-6FF30681BCAE}.Debug|x64.Build.0 = Debug|Any CPU
		{0A83F151-CE47-43FE-BA7B-6FF30681BCAE}.Debug|x86.ActiveCfg = Debug|Any CPU
		{0A83F151-CE47-43FE-BA7B-6FF30681BCAE}.Debug|x86.Build.0 = Debug|Any CPU
		{0A83F151-CE47-43FE-BA7B-6FF30681BCAE}.Release|Any CPU.ActiveCfg = Release|Any CPU
		{0A83F151-CE47-43FE-BA7B-6FF30681BCAE}.Release|Any CPU.Build.0 = Release|Any CPU
		{0A83F151-CE47-43FE-BA7B-6FF30681BCAE}.Release|x64.ActiveCfg = Release|Any CPU
		{0A83F151-CE47-43FE-BA7B-6FF30681BCAE}.Release|x64.Build.0 = Release|Any CPU
		{0A83F151-CE47-43FE-BA7B-6FF30681BCAE}.Release|x86.ActiveCfg = Release|Any CPU
		{0A83F151-CE47-43FE-BA7B-6FF30681BCAE}.Release|x86.Build.0 = Release|Any CPU
	EndGlobalSection
	GlobalSection(SolutionProperties) = preSolution
		HideSolutionNode = FALSE
	EndGlobalSection
	GlobalSection(NestedProjects) = preSolution
		{05B11BFB-E8BC-D4C1-A185-FFFEE1F51E8B} = {D82C56D6-B2CD-F611-9E31-04638F7EC30E}
		{0A83F151-CE47-43FE-BA7B-6FF30681BCAE} = {D82C56D6-B2CD-F611-9E31-04638F7EC30E}
	EndGlobalSection
	GlobalSection(ExtensibilityGlobals) = postSolution
		SolutionGuid = {67F6F8F7-60F5-432E-BA01-41402774D92C}
	EndGlobalSection
EndGlobal
